
Microsoft Visual Studio Solution File, Format Version 12.00
# Visual Studio Version 17
VisualStudioVersion = 17.3.32929.385
MinimumVisualStudioVersion = 10.0.40219.1
Project("{FAE04EC0-301F-11D3-BF4B-00C04F79EFBC}") = "littleTokyo", "littleTokyo\littleTokyo.csproj", "{CE84FAA6-BB27-4559-A133-0BFB41FCFDFC}"
EndProject
Global
	GlobalSection(SolutionConfigurationPlatforms) = preSolution
		Debug|Any CPU = Debug|Any CPU
		Release|Any CPU = Release|Any CPU
	EndGlobalSection
	GlobalSection(ProjectConfigurationPlatforms) = postSolution
		{CE84FAA6-BB27-4559-A133-0BFB41FCFDFC}.Debug|Any CPU.ActiveCfg = Debug|Any CPU
		{CE84FAA6-BB27-4559-A133-0BFB41FCFDFC}.Debug|Any CPU.Build.0 = Debug|Any CPU
		{CE84FAA6-BB27-4559-A133-0BFB41FCFDFC}.Release|Any CPU.ActiveCfg = Release|Any CPU
		{CE84FAA6-BB27-4559-A133-0BFB41FCFDFC}.Release|Any CPU.Build.0 = Release|Any CPU
	EndGlobalSection
	GlobalSection(SolutionProperties) = preSolution
		HideSolutionNode = FALSE
	EndGlobalSection
	GlobalSection(ExtensibilityGlobals) = postSolution
		SolutionGuid = {EC0B5C97-CE9D-4D59-967F-FDDC677E8455}
	EndGlobalSection
EndGlobal
